
Microsoft Visual Studio Solution File, Format Version 12.00
# Visual Studio Version 16
VisualStudioVersion = 16.0.31321.278
MinimumVisualStudioVersion = 10.0.40219.1
Project("{9A19103F-16F7-4668-BE54-9A1E7A4F7556}") = "RockPaperScissorConsole", "RockPaperScissorConsole.csproj", "{215B4B4C-1CF2-4EEB-99E1-A9EA9A375A7F}"
EndProject
Project("{FAE04EC0-301F-11D3-BF4B-00C04F79EFBC}") = "RockPaperScissor", "..\RockPaperScissor\RockPaperScissor.csproj", "{26AD8282-A8B9-44BC-B381-4CFFADA99437}"
EndProject
Project("{FAE04EC0-301F-11D3-BF4B-00C04F79EFBC}") = "RockPaperScissor.Tests", "..\RockPaperScissor.Tests\RockPaperScissor.Tests.csproj", "{8AAD2D8D-14F4-4597-8665-AE52A356AA81}"
EndProject
Global
	GlobalSection(SolutionConfigurationPlatforms) = preSolution
		Debug|Any CPU = Debug|Any CPU
		Release|Any CPU = Release|Any CPU
	EndGlobalSection
	GlobalSection(ProjectConfigurationPlatforms) = postSolution
		{215B4B4C-1CF2-4EEB-99E1-A9EA9A375A7F}.Debug|Any CPU.ActiveCfg = Debug|Any CPU
		{215B4B4C-1CF2-4EEB-99E1-A9EA9A375A7F}.Debug|Any CPU.Build.0 = Debug|Any CPU
		{215B4B4C-1CF2-4EEB-99E1-A9EA9A375A7F}.Release|Any CPU.ActiveCfg = Release|Any CPU
		{215B4B4C-1CF2-4EEB-99E1-A9EA9A375A7F}.Release|Any CPU.Build.0 = Release|Any CPU
		{26AD8282-A8B9-44BC-B381-4CFFADA99437}.Debug|Any CPU.ActiveCfg = Debug|Any CPU
		{26AD8282-A8B9-44BC-B381-4CFFADA99437}.Debug|Any CPU.Build.0 = Debug|Any CPU
		{26AD8282-A8B9-44BC-B381-4CFFADA99437}.Release|Any CPU.ActiveCfg = Release|Any CPU
		{26AD8282-A8B9-44BC-B381-4CFFADA99437}.Release|Any CPU.Build.0 = Release|Any CPU
		{8AAD2D8D-14F4-4597-8665-AE52A356AA81}.Debug|Any CPU.ActiveCfg = Debug|Any CPU
		{8AAD2D8D-14F4-4597-8665-AE52A356AA81}.Debug|Any CPU.Build.0 = Debug|Any CPU
		{8AAD2D8D-14F4-4597-8665-AE52A356AA81}.Release|Any CPU.ActiveCfg = Release|Any CPU
		{8AAD2D8D-14F4-4597-8665-AE52A356AA81}.Release|Any CPU.Build.0 = Release|Any CPU
	EndGlobalSection
	GlobalSection(SolutionProperties) = preSolution
		HideSolutionNode = FALSE
	EndGlobalSection
	GlobalSection(ExtensibilityGlobals) = postSolution
		SolutionGuid = {6A1643A0-4451-473F-B650-881C9EB21CD7}
	EndGlobalSection
EndGlobal
